// !$*UTF8*$!
{
	archiveVersion = 1;
	classes = {
	};
	objectVersion = 56;
	objects = {

/* Begin PBXBuildFile section */
		4DB2E40D29F490E800254832 /* MCQApp.swift in Sources */ = {isa = PBXBuildFile; fileRef = 4DB2E40C29F490E800254832 /* MCQApp.swift */; };
		4DB2E40F29F490E800254832 /* ContentView.swift in Sources */ = {isa = PBXBuildFile; fileRef = 4DB2E40E29F490E800254832 /* ContentView.swift */; };
		4DB2E41129F490EB00254832 /* Assets.xcassets in Resources */ = {isa = PBXBuildFile; fileRef = 4DB2E41029F490EB00254832 /* Assets.xcassets */; };
		4DB2E41429F490EB00254832 /* Preview Assets.xcassets in Resources */ = {isa = PBXBuildFile; fileRef = 4DB2E41329F490EB00254832 /* Preview Assets.xcassets */; };
		4DB2E41C29F5BDBA00254832 /* PrimaryButton.swift in Sources */ = {isa = PBXBuildFile; fileRef = 4DB2E41B29F5BDBA00254832 /* PrimaryButton.swift */; };
		4DB2E41F29F5BF7700254832 /* Extensions.swift in Sources */ = {isa = PBXBuildFile; fileRef = 4DB2E41E29F5BF7700254832 /* Extensions.swift */; };
		4DB2E42129F5C0C100254832 /* QuestionView.swift in Sources */ = {isa = PBXBuildFile; fileRef = 4DB2E42029F5C0C100254832 /* QuestionView.swift */; };
		4DB2E42329F5C17C00254832 /* ProgressBar.swift in Sources */ = {isa = PBXBuildFile; fileRef = 4DB2E42229F5C17C00254832 /* ProgressBar.swift */; };
		4DB2E42629F5C34A00254832 /* AnswerModel.swift in Sources */ = {isa = PBXBuildFile; fileRef = 4DB2E42529F5C34A00254832 /* AnswerModel.swift */; };
		4DB2E42829F5C3A100254832 /* AnswerRow.swift in Sources */ = {isa = PBXBuildFile; fileRef = 4DB2E42729F5C3A100254832 /* AnswerRow.swift */; };
		4DB2E42A29F5CC3300254832 /* TriviaView.swift in Sources */ = {isa = PBXBuildFile; fileRef = 4DB2E42929F5CC3300254832 /* TriviaView.swift */; };
/* End PBXBuildFile section */

/* Begin PBXFileReference section */
		4DB2E40929F490E800254832 /* MCQ.app */ = {isa = PBXFileReference; explicitFileType = wrapper.application; includeInIndex = 0; path = MCQ.app; sourceTree = BUILT_PRODUCTS_DIR; };
		4DB2E40C29F490E800254832 /* MCQApp.swift */ = {isa = PBXFileReference; lastKnownFileType = sourcecode.swift; path = MCQApp.swift; sourceTree = "<group>"; };
		4DB2E40E29F490E800254832 /* ContentView.swift */ = {isa = PBXFileReference; lastKnownFileType = sourcecode.swift; path = ContentView.swift; sourceTree = "<group>"; };
		4DB2E41029F490EB00254832 /* Assets.xcassets */ = {isa = PBXFileReference; lastKnownFileType = folder.assetcatalog; path = Assets.xcassets; sourceTree = "<group>"; };
		4DB2E41329F490EB00254832 /* Preview Assets.xcassets */ = {isa = PBXFileReference; lastKnownFileType = folder.assetcatalog; path = "Preview Assets.xcassets"; sourceTree = "<group>"; };
		4DB2E41B29F5BDBA00254832 /* PrimaryButton.swift */ = {isa = PBXFileReference; lastKnownFileType = sourcecode.swift; path = PrimaryButton.swift; sourceTree = "<group>"; };
		4DB2E41E29F5BF7700254832 /* Extensions.swift */ = {isa = PBXFileReference; lastKnownFileType = sourcecode.swift; path = Extensions.swift; sourceTree = "<group>"; };
		4DB2E42029F5C0C100254832 /* QuestionView.swift */ = {isa = PBXFileReference; lastKnownFileType = sourcecode.swift; path = QuestionView.swift; sourceTree = "<group>"; };
		4DB2E42229F5C17C00254832 /* ProgressBar.swift */ = {isa = PBXFileReference; lastKnownFileType = sourcecode.swift; path = ProgressBar.swift; sourceTree = "<group>"; };
		4DB2E42529F5C34A00254832 /* AnswerModel.swift */ = {isa = PBXFileReference; lastKnownFileType = sourcecode.swift; path = AnswerModel.swift; sourceTree = "<group>"; };
		4DB2E42729F5C3A100254832 /* AnswerRow.swift */ = {isa = PBXFileReference; lastKnownFileType = sourcecode.swift; path = AnswerRow.swift; sourceTree = "<group>"; };
		4DB2E42929F5CC3300254832 /* TriviaView.swift */ = {isa = PBXFileReference; lastKnownFileType = sourcecode.swift; path = TriviaView.swift; sourceTree = "<group>"; };
/* End PBXFileReference section */

/* Begin PBXFrameworksBuildPhase section */
		4DB2E40629F490E800254832 /* Frameworks */ = {
			isa = PBXFrameworksBuildPhase;
			buildActionMask = 2147483647;
			files = (
			);
			runOnlyForDeploymentPostprocessing = 0;
		};
/* End PBXFrameworksBuildPhase section */

/* Begin PBXGroup section */
		4DB2E40029F490E800254832 = {
			isa = PBXGroup;
			children = (
				4DB2E40B29F490E800254832 /* MCQ */,
				4DB2E40A29F490E800254832 /* Products */,
			);
			sourceTree = "<group>";
		};
		4DB2E40A29F490E800254832 /* Products */ = {
			isa = PBXGroup;
			children = (
				4DB2E40929F490E800254832 /* MCQ.app */,
			);
			name = Products;
			sourceTree = "<group>";
		};
		4DB2E40B29F490E800254832 /* MCQ */ = {
			isa = PBXGroup;
			children = (
				4DB2E41E29F5BF7700254832 /* Extensions.swift */,
				4DB2E41D29F5BE4300254832 /* Views */,
				4DB2E41A29F5BDA700254832 /* Components */,
				4DB2E40C29F490E800254832 /* MCQApp.swift */,
				4DB2E42429F5C2FF00254832 /* Models */,
				4DB2E41029F490EB00254832 /* Assets.xcassets */,
				4DB2E41229F490EB00254832 /* Preview Content */,
			);
			path = MCQ;
			sourceTree = "<group>";
		};
		4DB2E41229F490EB00254832 /* Preview Content */ = {
			isa = PBXGroup;
			children = (
				4DB2E41329F490EB00254832 /* Preview Assets.xcassets */,
			);
			path = "Preview Content";
			sourceTree = "<group>";
		};
		4DB2E41A29F5BDA700254832 /* Components */ = {
			isa = PBXGroup;
			children = (
				4DB2E41B29F5BDBA00254832 /* PrimaryButton.swift */,
				4DB2E42729F5C3A100254832 /* AnswerRow.swift */,
			);
			path = Components;
			sourceTree = "<group>";
		};
		4DB2E41D29F5BE4300254832 /* Views */ = {
			isa = PBXGroup;
			children = (
				4DB2E40E29F490E800254832 /* ContentView.swift */,
				4DB2E42029F5C0C100254832 /* QuestionView.swift */,
				4DB2E42229F5C17C00254832 /* ProgressBar.swift */,
				4DB2E42929F5CC3300254832 /* TriviaView.swift */,
			);
			path = Views;
			sourceTree = "<group>";
		};
		4DB2E42429F5C2FF00254832 /* Models */ = {
			isa = PBXGroup;
			children = (
				4DB2E42529F5C34A00254832 /* AnswerModel.swift */,
			);
			path = Models;
			sourceTree = "<group>";
		};
/* End PBXGroup section */

/* Begin PBXNativeTarget section */
		4DB2E40829F490E800254832 /* MCQ */ = {
			isa = PBXNativeTarget;
			buildConfigurationList = 4DB2E41729F490EB00254832 /* Build configuration list for PBXNativeTarget "MCQ" */;
			buildPhases = (
				4DB2E40529F490E800254832 /* Sources */,
				4DB2E40629F490E800254832 /* Frameworks */,
				4DB2E40729F490E800254832 /* Resources */,
			);
			buildRules = (
			);
			dependencies = (
			);
			name = MCQ;
			productName = MCQ;
			productReference = 4DB2E40929F490E800254832 /* MCQ.app */;
			productType = "com.apple.product-type.application";
		};
/* End PBXNativeTarget section */

/* Begin PBXProject section */
		4DB2E40129F490E800254832 /* Project object */ = {
			isa = PBXProject;
			attributes = {
				BuildIndependentTargetsInParallel = 1;
				LastSwiftUpdateCheck = 1420;
				LastUpgradeCheck = 1420;
				TargetAttributes = {
					4DB2E40829F490E800254832 = {
						CreatedOnToolsVersion = 14.2;
					};
				};
			};
			buildConfigurationList = 4DB2E40429F490E800254832 /* Build configuration list for PBXProject "MCQ" */;
			compatibilityVersion = "Xcode 14.0";
			developmentRegion = en;
			hasScannedForEncodings = 0;
			knownRegions = (
				en,
				Base,
			);
			mainGroup = 4DB2E40029F490E800254832;
			productRefGroup = 4DB2E40A29F490E800254832 /* Products */;
			projectDirPath = "";
			projectRoot = "";
			targets = (
				4DB2E40829F490E800254832 /* MCQ */,
			);
		};
/* End PBXProject section */

/* Begin PBXResourcesBuildPhase section */
		4DB2E40729F490E800254832 /* Resources */ = {
			isa = PBXResourcesBuildPhase;
			buildActionMask = 2147483647;
			files = (
				4DB2E41429F490EB00254832 /* Preview Assets.xcassets in Resources */,
				4DB2E41129F490EB00254832 /* Assets.xcassets in Resources */,
			);
			runOnlyForDeploymentPostprocessing = 0;
		};
/* End PBXResourcesBuildPhase section */

/* Begin PBXSourcesBuildPhase section */
		4DB2E40529F490E800254832 /* Sources */ = {
			isa = PBXSourcesBuildPhase;
			buildActionMask = 2147483647;
			files = (
				4DB2E42129F5C0C100254832 /* QuestionView.swift in Sources */,
				4DB2E42A29F5CC3300254832 /* TriviaView.swift in Sources */,
				4DB2E41F29F5BF7700254832 /* Extensions.swift in Sources */,
				4DB2E42829F5C3A100254832 /* AnswerRow.swift in Sources */,
				4DB2E42629F5C34A00254832 /* AnswerModel.swift in Sources */,
				4DB2E41C29F5BDBA00254832 /* PrimaryButton.swift in Sources */,
				4DB2E40F29F490E800254832 /* ContentView.swift in Sources */,
				4DB2E42329F5C17C00254832 /* ProgressBar.swift in Sources */,
				4DB2E40D29F490E800254832 /* MCQApp.swift in Sources */,
			);
			runOnlyForDeploymentPostprocessing = 0;
		};
/* End PBXSourcesBuildPhase section */

/* Begin XCBuildConfiguration section */
		4DB2E41529F490EB00254832 /* Debug */ = {
			isa = XCBuildConfiguration;
			buildSettings = {
				ALWAYS_SEARCH_USER_PATHS = NO;
				CLANG_ANALYZER_NONNULL = YES;
				CLANG_ANALYZER_NUMBER_OBJECT_CONVERSION = YES_AGGRESSIVE;
				CLANG_CXX_LANGUAGE_STANDARD = "gnu++20";
				CLANG_ENABLE_MODULES = YES;
				CLANG_ENABLE_OBJC_ARC = YES;
				CLANG_ENABLE_OBJC_WEAK = YES;
				CLANG_WARN_BLOCK_CAPTURE_AUTORELEASING = YES;
				CLANG_WARN_BOOL_CONVERSION = YES;
				CLANG_WARN_COMMA = YES;
				CLANG_WARN_CONSTANT_CONVERSION = YES;
				CLANG_WARN_DEPRECATED_OBJC_IMPLEMENTATIONS = YES;
				CLANG_WARN_DIRECT_OBJC_ISA_USAGE = YES_ERROR;
				CLANG_WARN_DOCUMENTATION_COMMENTS = YES;
				CLANG_WARN_EMPTY_BODY = YES;
				CLANG_WARN_ENUM_CONVERSION = YES;
				CLANG_WARN_INFINITE_RECURSION = YES;
				CLANG_WARN_INT_CONVERSION = YES;
				CLANG_WARN_NON_LITERAL_NULL_CONVERSION = YES;
				CLANG_WARN_OBJC_IMPLICIT_RETAIN_SELF = YES;
				CLANG_WARN_OBJC_LITERAL_CONVERSION = YES;
				CLANG_WARN_OBJC_ROOT_CLASS = YES_ERROR;
				CLANG_WARN_QUOTED_INCLUDE_IN_FRAMEWORK_HEADER = YES;
				CLANG_WARN_RANGE_LOOP_ANALYSIS = YES;
				CLANG_WARN_STRICT_PROTOTYPES = YES;
				CLANG_WARN_SUSPICIOUS_MOVE = YES;
				CLANG_WARN_UNGUARDED_AVAILABILITY = YES_AGGRESSIVE;
				CLANG_WARN_UNREACHABLE_CODE = YES;
				CLANG_WARN__DUPLICATE_METHOD_MATCH = YES;
				COPY_PHASE_STRIP = NO;
				DEBUG_INFORMATION_FORMAT = dwarf;
				ENABLE_STRICT_OBJC_MSGSEND = YES;
				ENABLE_TESTABILITY = YES;
				GCC_C_LANGUAGE_STANDARD = gnu11;
				GCC_DYNAMIC_NO_PIC = NO;
				GCC_NO_COMMON_BLOCKS = YES;
				GCC_OPTIMIZATION_LEVEL = 0;
				GCC_PREPROCESSOR_DEFINITIONS = (
					"DEBUG=1",
					"$(inherited)",
				);
				GCC_WARN_64_TO_32_BIT_CONVERSION = YES;
				GCC_WARN_ABOUT_RETURN_TYPE = YES_ERROR;
				GCC_WARN_UNDECLARED_SELECTOR = YES;
				GCC_WARN_UNINITIALIZED_AUTOS = YES_AGGRESSIVE;
				GCC_WARN_UNUSED_FUNCTION = YES;
				GCC_WARN_UNUSED_VARIABLE = YES;
				IPHONEOS_DEPLOYMENT_TARGET = 16.2;
				MTL_ENABLE_DEBUG_INFO = INCLUDE_SOURCE;
				MTL_FAST_MATH = YES;
				ONLY_ACTIVE_ARCH = YES;
				SDKROOT = iphoneos;
				SWIFT_ACTIVE_COMPILATION_CONDITIONS = DEBUG;
				SWIFT_OPTIMIZATION_LEVEL = "-Onone";
			};
			name = Debug;
		};
		4DB2E41629F490EB00254832 /* Release */ = {
			isa = XCBuildConfiguration;
			buildSettings = {
				ALWAYS_SEARCH_USER_PATHS = NO;
				CLANG_ANALYZER_NONNULL = YES;
				CLANG_ANALYZER_NUMBER_OBJECT_CONVERSION = YES_AGGRESSIVE;
				CLANG_CXX_LANGUAGE_STANDARD = "gnu++20";
				CLANG_ENABLE_MODULES = YES;
				CLANG_ENABLE_OBJC_ARC = YES;
				CLANG_ENABLE_OBJC_WEAK = YES;
				CLANG_WARN_BLOCK_CAPTURE_AUTORELEASING = YES;
				CLANG_WARN_BOOL_CONVERSION = YES;
				CLANG_WARN_COMMA = YES;
				CLANG_WARN_CONSTANT_CONVERSION = YES;
				CLANG_WARN_DEPRECATED_OBJC_IMPLEMENTATIONS = YES;
				CLANG_WARN_DIRECT_OBJC_ISA_USAGE = YES_ERROR;
				CLANG_WARN_DOCUMENTATION_COMMENTS = YES;
				CLANG_WARN_EMPTY_BODY = YES;
				CLANG_WARN_ENUM_CONVERSION = YES;
				CLANG_WARN_INFINITE_RECURSION = YES;
				CLANG_WARN_INT_CONVERSION = YES;
				CLANG_WARN_NON_LITERAL_NULL_CONVERSION = YES;
				CLANG_WARN_OBJC_IMPLICIT_RETAIN_SELF = YES;
				CLANG_WARN_OBJC_LITERAL_CONVERSION = YES;
				CLANG_WARN_OBJC_ROOT_CLASS = YES_ERROR;
				CLANG_WARN_QUOTED_INCLUDE_IN_FRAMEWORK_HEADER = YES;
				CLANG_WARN_RANGE_LOOP_ANALYSIS = YES;
				CLANG_WARN_STRICT_PROTOTYPES = YES;
				CLANG_WARN_SUSPICIOUS_MOVE = YES;
				CLANG_WARN_UNGUARDED_AVAILABILITY = YES_AGGRESSIVE;
				CLANG_WARN_UNREACHABLE_CODE = YES;
				CLANG_WARN__DUPLICATE_METHOD_MATCH = YES;
				COPY_PHASE_STRIP = NO;
				DEBUG_INFORMATION_FORMAT = "dwarf-with-dsym";
				ENABLE_NS_ASSERTIONS = NO;
				ENABLE_STRICT_OBJC_MSGSEND = YES;
				GCC_C_LANGUAGE_STANDARD = gnu11;
				GCC_NO_COMMON_BLOCKS = YES;
				GCC_WARN_64_TO_32_BIT_CONVERSION = YES;
				GCC_WARN_ABOUT_RETURN_TYPE = YES_ERROR;
				GCC_WARN_UNDECLARED_SELECTOR = YES;
				GCC_WARN_UNINITIALIZED_AUTOS = YES_AGGRESSIVE;
				GCC_WARN_UNUSED_FUNCTION = YES;
				GCC_WARN_UNUSED_VARIABLE = YES;
				IPHONEOS_DEPLOYMENT_TARGET = 16.2;
				MTL_ENABLE_DEBUG_INFO = NO;
				MTL_FAST_MATH = YES;
				SDKROOT = iphoneos;
				SWIFT_COMPILATION_MODE = wholemodule;
				SWIFT_OPTIMIZATION_LEVEL = "-O";
				VALIDATE_PRODUCT = YES;
			};
			name = Release;
		};
		4DB2E41829F490EB00254832 /* Debug */ = {
			isa = XCBuildConfiguration;
			buildSettings = {
				ASSETCATALOG_COMPILER_APPICON_NAME = AppIcon;
				ASSETCATALOG_COMPILER_GLOBAL_ACCENT_COLOR_NAME = AccentColor;
				CODE_SIGN_STYLE = Automatic;
				CURRENT_PROJECT_VERSION = 1;
				DEVELOPMENT_ASSET_PATHS = "\"MCQ/Preview Content\"";
				ENABLE_PREVIEWS = YES;
				GENERATE_INFOPLIST_FILE = YES;
				INFOPLIST_KEY_UIApplicationSceneManifest_Generation = YES;
				INFOPLIST_KEY_UIApplicationSupportsIndirectInputEvents = YES;
				INFOPLIST_KEY_UILaunchScreen_Generation = YES;
				INFOPLIST_KEY_UISupportedInterfaceOrientations_iPad = "UIInterfaceOrientationPortrait UIInterfaceOrientationPortraitUpsideDown UIInterfaceOrientationLandscapeLeft UIInterfaceOrientationLandscapeRight";
				INFOPLIST_KEY_UISupportedInterfaceOrientations_iPhone = "UIInterfaceOrientationPortrait UIInterfaceOrientationLandscapeLeft UIInterfaceOrientationLandscapeRight";
				LD_RUNPATH_SEARCH_PATHS = (
					"$(inherited)",
					"@executable_path/Frameworks",
				);
				MARKETING_VERSION = 1.0;
				PRODUCT_BUNDLE_IDENTIFIER = abuail.MCQ;
				PRODUCT_NAME = "$(TARGET_NAME)";
				SWIFT_EMIT_LOC_STRINGS = YES;
				SWIFT_VERSION = 5.0;
				TARGETED_DEVICE_FAMILY = "1,2";
			};
			name = Debug;
		};
		4DB2E41929F490EB00254832 /* Release */ = {
			isa = XCBuildConfiguration;
			buildSettings = {
				ASSETCATALOG_COMPILER_APPICON_NAME = AppIcon;
				ASSETCATALOG_COMPILER_GLOBAL_ACCENT_COLOR_NAME = AccentColor;
				CODE_SIGN_STYLE = Automatic;
				CURRENT_PROJECT_VERSION = 1;
				DEVELOPMENT_ASSET_PATHS = "\"MCQ/Preview Content\"";
				ENABLE_PREVIEWS = YES;
				GENERATE_INFOPLIST_FILE = YES;
				INFOPLIST_KEY_UIApplicationSceneManifest_Generation = YES;
				INFOPLIST_KEY_UIApplicationSupportsIndirectInputEvents = YES;
				INFOPLIST_KEY_UILaunchScreen_Generation = YES;
				INFOPLIST_KEY_UISupportedInterfaceOrientations_iPad = "UIInterfaceOrientationPortrait UIInterfaceOrientationPortraitUpsideDown UIInterfaceOrientationLandscapeLeft UIInterfaceOrientationLandscapeRight";
				INFOPLIST_KEY_UISupportedInterfaceOrientations_iPhone = "UIInterfaceOrientationPortrait UIInterfaceOrientationLandscapeLeft UIInterfaceOrientationLandscapeRight";
				LD_RUNPATH_SEARCH_PATHS = (
					"$(inherited)",
					"@executable_path/Frameworks",
				);
				MARKETING_VERSION = 1.0;
				PRODUCT_BUNDLE_IDENTIFIER = abuail.MCQ;
				PRODUCT_NAME = "$(TARGET_NAME)";
				SWIFT_EMIT_LOC_STRINGS = YES;
				SWIFT_VERSION = 5.0;
				TARGETED_DEVICE_FAMILY = "1,2";
			};
			name = Release;
		};
/* End XCBuildConfiguration section */

/* Begin XCConfigurationList section */
		4DB2E40429F490E800254832 /* Build configuration list for PBXProject "MCQ" */ = {
			isa = XCConfigurationList;
			buildConfigurations = (
				4DB2E41529F490EB00254832 /* Debug */,
				4DB2E41629F490EB00254832 /* Release */,
			);
			defaultConfigurationIsVisible = 0;
			defaultConfigurationName = Release;
		};
		4DB2E41729F490EB00254832 /* Build configuration list for PBXNativeTarget "MCQ" */ = {
			isa = XCConfigurationList;
			buildConfigurations = (
				4DB2E41829F490EB00254832 /* Debug */,
				4DB2E41929F490EB00254832 /* Release */,
			);
			defaultConfigurationIsVisible = 0;
			defaultConfigurationName = Release;
		};
/* End XCConfigurationList section */
	};
	rootObject = 4DB2E40129F490E800254832 /* Project object */;
}
